
Microsoft Visual Studio Solution File, Format Version 12.00
# Visual Studio Version 17
VisualStudioVersion = 17.5.001.0
MinimumVisualStudioVersion = 10.0.40219.1
Project("{9A19103F-16F7-4668-BE54-9A1E7A4F7556}") = "Full_GRASP_And_SOLID", "Library\Full_GRASP_And_SOLID.csproj", "{85828E74-85B0-4BED-A2B3-A11B4BAE6994}"
EndProject
Project("{9A19103F-16F7-4668-BE54-9A1E7A4F7556}") = "Library", "Library\Library.csproj", "{22C80739-CB94-47C8-88E1-20DBC42C7714}"
EndProject
Project("{9A19103F-16F7-4668-BE54-9A1E7A4F7556}") = "Program", "Program\Program.csproj", "{06F0E649-F5BF-4A68-B871-E9329CA3FDE8}"
EndProject
Global
	GlobalSection(SolutionConfigurationPlatforms) = preSolution
		Debug|Any CPU = Debug|Any CPU
		Release|Any CPU = Release|Any CPU
	EndGlobalSection
	GlobalSection(ProjectConfigurationPlatforms) = postSolution
		{85828E74-85B0-4BED-A2B3-A11B4BAE6994}.Debug|Any CPU.ActiveCfg = Debug|Any CPU
		{85828E74-85B0-4BED-A2B3-A11B4BAE6994}.Debug|Any CPU.Build.0 = Debug|Any CPU
		{85828E74-85B0-4BED-A2B3-A11B4BAE6994}.Release|Any CPU.ActiveCfg = Release|Any CPU
		{85828E74-85B0-4BED-A2B3-A11B4BAE6994}.Release|Any CPU.Build.0 = Release|Any CPU
		{22C80739-CB94-47C8-88E1-20DBC42C7714}.Debug|Any CPU.ActiveCfg = Debug|Any CPU
		{22C80739-CB94-47C8-88E1-20DBC42C7714}.Debug|Any CPU.Build.0 = Debug|Any CPU
		{22C80739-CB94-47C8-88E1-20DBC42C7714}.Release|Any CPU.ActiveCfg = Release|Any CPU
		{22C80739-CB94-47C8-88E1-20DBC42C7714}.Release|Any CPU.Build.0 = Release|Any CPU
		{06F0E649-F5BF-4A68-B871-E9329CA3FDE8}.Debug|Any CPU.ActiveCfg = Debug|Any CPU
		{06F0E649-F5BF-4A68-B871-E9329CA3FDE8}.Debug|Any CPU.Build.0 = Debug|Any CPU
		{06F0E649-F5BF-4A68-B871-E9329CA3FDE8}.Release|Any CPU.ActiveCfg = Release|Any CPU
		{06F0E649-F5BF-4A68-B871-E9329CA3FDE8}.Release|Any CPU.Build.0 = Release|Any CPU
	EndGlobalSection
	GlobalSection(SolutionProperties) = preSolution
		HideSolutionNode = FALSE
	EndGlobalSection
	GlobalSection(ExtensibilityGlobals) = postSolution
		SolutionGuid = {36EA6DC5-EF7C-499B-9761-4FDB3065EEC8}
	EndGlobalSection
EndGlobal
